
Microsoft Visual Studio Solution File, Format Version 12.00
# Visual Studio Version 17
VisualStudioVersion = 17.8.34525.116
MinimumVisualStudioVersion = 10.0.40219.1
Project("{FAE04EC0-301F-11D3-BF4B-00C04F79EFBC}") = "Clase 15 Ejercicio 2", "Clase 15 Ejercicio 2.csproj", "{094E1EBE-3055-4D7D-8F60-C5D81928BC9B}"
EndProject
Global
	GlobalSection(SolutionConfigurationPlatforms) = preSolution
		Debug|Any CPU = Debug|Any CPU
		Release|Any CPU = Release|Any CPU
	EndGlobalSection
	GlobalSection(ProjectConfigurationPlatforms) = postSolution
		{094E1EBE-3055-4D7D-8F60-C5D81928BC9B}.Debug|Any CPU.ActiveCfg = Debug|Any CPU
		{094E1EBE-3055-4D7D-8F60-C5D81928BC9B}.Debug|Any CPU.Build.0 = Debug|Any CPU
		{094E1EBE-3055-4D7D-8F60-C5D81928BC9B}.Release|Any CPU.ActiveCfg = Release|Any CPU
		{094E1EBE-3055-4D7D-8F60-C5D81928BC9B}.Release|Any CPU.Build.0 = Release|Any CPU
	EndGlobalSection
	GlobalSection(SolutionProperties) = preSolution
		HideSolutionNode = FALSE
	EndGlobalSection
	GlobalSection(ExtensibilityGlobals) = postSolution
		SolutionGuid = {56EDE827-0086-4B11-8283-825D049C89FE}
	EndGlobalSection
EndGlobal
